
Microsoft Visual Studio Solution File, Format Version 12.00
# Visual Studio Version 17
VisualStudioVersion = 17.4.33213.308
MinimumVisualStudioVersion = 10.0.40219.1
Project("{FAE04EC0-301F-11D3-BF4B-00C04F79EFBC}") = "Prog2_Start", "Prog2_Start\Prog2_Start.csproj", "{0B821755-7C03-40F4-9C1E-9F12070F2A6D}"
EndProject
Global
	GlobalSection(SolutionConfigurationPlatforms) = preSolution
		Debug|Any CPU = Debug|Any CPU
		Release|Any CPU = Release|Any CPU
	EndGlobalSection
	GlobalSection(ProjectConfigurationPlatforms) = postSolution
		{0B821755-7C03-40F4-9C1E-9F12070F2A6D}.Debug|Any CPU.ActiveCfg = Debug|Any CPU
		{0B821755-7C03-40F4-9C1E-9F12070F2A6D}.Debug|Any CPU.Build.0 = Debug|Any CPU
		{0B821755-7C03-40F4-9C1E-9F12070F2A6D}.Release|Any CPU.ActiveCfg = Release|Any CPU
		{0B821755-7C03-40F4-9C1E-9F12070F2A6D}.Release|Any CPU.Build.0 = Release|Any CPU
	EndGlobalSection
	GlobalSection(SolutionProperties) = preSolution
		HideSolutionNode = FALSE
	EndGlobalSection
	GlobalSection(ExtensibilityGlobals) = postSolution
		SolutionGuid = {B07D34E5-579A-4595-A650-5937C1F963D5}
	EndGlobalSection
EndGlobal
